
Microsoft Visual Studio Solution File, Format Version 12.00
# Visual Studio Version 17
VisualStudioVersion = 17.2.32519.379
MinimumVisualStudioVersion = 10.0.40219.1
Project("{FAE04EC0-301F-11D3-BF4B-00C04F79EFBC}") = "listasimple", "listasimplw\listasimple.csproj", "{4472FE23-58E4-453C-A854-323A04F7EC81}"
EndProject
Global
	GlobalSection(SolutionConfigurationPlatforms) = preSolution
		Debug|Any CPU = Debug|Any CPU
		Release|Any CPU = Release|Any CPU
	EndGlobalSection
	GlobalSection(ProjectConfigurationPlatforms) = postSolution
		{4472FE23-58E4-453C-A854-323A04F7EC81}.Debug|Any CPU.ActiveCfg = Debug|Any CPU
		{4472FE23-58E4-453C-A854-323A04F7EC81}.Debug|Any CPU.Build.0 = Debug|Any CPU
		{4472FE23-58E4-453C-A854-323A04F7EC81}.Release|Any CPU.ActiveCfg = Release|Any CPU
		{4472FE23-58E4-453C-A854-323A04F7EC81}.Release|Any CPU.Build.0 = Release|Any CPU
	EndGlobalSection
	GlobalSection(SolutionProperties) = preSolution
		HideSolutionNode = FALSE
	EndGlobalSection
	GlobalSection(ExtensibilityGlobals) = postSolution
		SolutionGuid = {014F30AB-4FFE-44E3-9410-62F4E28940B9}
	EndGlobalSection
EndGlobal
